
Microsoft Visual Studio Solution File, Format Version 12.00
# Visual Studio 15
VisualStudioVersion = 15.0.26228.9
MinimumVisualStudioVersion = 10.0.40219.1
Project("{FAE04EC0-301F-11D3-BF4B-00C04F79EFBC}") = "Kachuwa.Core", "Kachuwa.Core\Kachuwa.Core.csproj", "{3D51BC3B-4742-4941-AAB6-522ABDFD1EA6}"
EndProject
Project("{FAE04EC0-301F-11D3-BF4B-00C04F79EFBC}") = "Kachuwa.Web", "Kachuwa.Web\Kachuwa.Web.csproj", "{B56214B7-DB79-4612-989B-4B7FDC9BEFDC}"
EndProject
Project("{FAE04EC0-301F-11D3-BF4B-00C04F79EFBC}") = "Kachuwa.Identity", "Kachuwa.Identity\Kachuwa.Identity.csproj", "{CA8F8919-A544-4FFB-9E8C-815521324E78}"
EndProject
Project("{FAE04EC0-301F-11D3-BF4B-00C04F79EFBC}") = "Kachuwa.PluginOne", "Kachuwa.PluginOne\Kachuwa.PluginOne.csproj", "{D910375E-9EE7-4EAF-9DCB-E338BE1D70E8}"
EndProject
Project("{FAE04EC0-301F-11D3-BF4B-00C04F79EFBC}") = "WebApp", "WebApp\WebApp.csproj", "{FD9AD17D-3A68-48F6-BDAB-384763BDD025}"
EndProject
Project("{2150E333-8FDC-42A3-9474-1A3956D46DE8}") = "Samples", "Samples", "{236B30BF-81C3-4527-83F2-FD698F829862}"
EndProject
Project("{FAE04EC0-301F-11D3-BF4B-00C04F79EFBC}") = "Kachuwa.InsightConsole", "Kachuwa.InsightConsole\Kachuwa.InsightConsole.csproj", "{D7DAC87D-4AB0-46A4-A29F-6BE547A76061}"
EndProject
Project("{9A19103F-16F7-4668-BE54-9A1E7A4F7556}") = "Kachuwa.Admin", "Kachuwa.Admin\Kachuwa.Admin.csproj", "{498242ED-CD53-4D8E-B6FC-5BC53B0E3241}"
EndProject
Project("{2150E333-8FDC-42A3-9474-1A3956D46DE8}") = "Core", "Core", "{472381BD-28D1-415D-BCE1-2303AD04E4C7}"
EndProject
Project("{2150E333-8FDC-42A3-9474-1A3956D46DE8}") = "AdminModule", "AdminModule", "{3550F6BF-E8E8-4475-B619-F8B07BF2A470}"
EndProject
Project("{2150E333-8FDC-42A3-9474-1A3956D46DE8}") = "Modules", "Modules", "{7D318766-C9C6-4F25-84DF-F5E338AC4398}"
EndProject
Project("{9A19103F-16F7-4668-BE54-9A1E7A4F7556}") = "Kachuwa.ContactUs", "Modules\Kachuwa.ContactUs\Kachuwa.ContactUs.csproj", "{E7189C3E-DDB7-421D-928E-0DFC375D0DF9}"
EndProject
Project("{9A19103F-16F7-4668-BE54-9A1E7A4F7556}") = "Kachuwa.Grid", "Modules\Kachuwa.Grid\Kachuwa.Grid.csproj", "{69FBE4AD-DEED-4B4B-ACDC-8054854752C6}"
EndProject
Project("{9A19103F-16F7-4668-BE54-9A1E7A4F7556}") = "Kachuwa.HtmlContent", "Modules\Kachuwa.HtmlContent\Kachuwa.HtmlContent.csproj", "{EE1F2D11-E727-4C6D-9A59-C2571F4E7B58}"
EndProject
Project("{9A19103F-16F7-4668-BE54-9A1E7A4F7556}") = "Kachuwa.Tenant", "Modules\Kachuwa.Tenant\Kachuwa.Tenant.csproj", "{431B2494-65F7-4BE8-89C4-4C106E3731E2}"
EndProject
Global
	GlobalSection(SolutionConfigurationPlatforms) = preSolution
		Debug|Any CPU = Debug|Any CPU
		Release|Any CPU = Release|Any CPU
	EndGlobalSection
	GlobalSection(ProjectConfigurationPlatforms) = postSolution
		{3D51BC3B-4742-4941-AAB6-522ABDFD1EA6}.Debug|Any CPU.ActiveCfg = Debug|Any CPU
		{3D51BC3B-4742-4941-AAB6-522ABDFD1EA6}.Debug|Any CPU.Build.0 = Debug|Any CPU
		{3D51BC3B-4742-4941-AAB6-522ABDFD1EA6}.Release|Any CPU.ActiveCfg = Release|Any CPU
		{3D51BC3B-4742-4941-AAB6-522ABDFD1EA6}.Release|Any CPU.Build.0 = Release|Any CPU
		{B56214B7-DB79-4612-989B-4B7FDC9BEFDC}.Debug|Any CPU.ActiveCfg = Debug|Any CPU
		{B56214B7-DB79-4612-989B-4B7FDC9BEFDC}.Debug|Any CPU.Build.0 = Debug|Any CPU
		{B56214B7-DB79-4612-989B-4B7FDC9BEFDC}.Release|Any CPU.ActiveCfg = Release|Any CPU
		{B56214B7-DB79-4612-989B-4B7FDC9BEFDC}.Release|Any CPU.Build.0 = Release|Any CPU
		{CA8F8919-A544-4FFB-9E8C-815521324E78}.Debug|Any CPU.ActiveCfg = Debug|Any CPU
		{CA8F8919-A544-4FFB-9E8C-815521324E78}.Debug|Any CPU.Build.0 = Debug|Any CPU
		{CA8F8919-A544-4FFB-9E8C-815521324E78}.Release|Any CPU.ActiveCfg = Release|Any CPU
		{CA8F8919-A544-4FFB-9E8C-815521324E78}.Release|Any CPU.Build.0 = Release|Any CPU
		{D910375E-9EE7-4EAF-9DCB-E338BE1D70E8}.Debug|Any CPU.ActiveCfg = Debug|Any CPU
		{D910375E-9EE7-4EAF-9DCB-E338BE1D70E8}.Debug|Any CPU.Build.0 = Debug|Any CPU
		{D910375E-9EE7-4EAF-9DCB-E338BE1D70E8}.Release|Any CPU.ActiveCfg = Release|Any CPU
		{D910375E-9EE7-4EAF-9DCB-E338BE1D70E8}.Release|Any CPU.Build.0 = Release|Any CPU
		{FD9AD17D-3A68-48F6-BDAB-384763BDD025}.Debug|Any CPU.ActiveCfg = Debug|Any CPU
		{FD9AD17D-3A68-48F6-BDAB-384763BDD025}.Debug|Any CPU.Build.0 = Debug|Any CPU
		{FD9AD17D-3A68-48F6-BDAB-384763BDD025}.Release|Any CPU.ActiveCfg = Release|Any CPU
		{FD9AD17D-3A68-48F6-BDAB-384763BDD025}.Release|Any CPU.Build.0 = Release|Any CPU
		{D7DAC87D-4AB0-46A4-A29F-6BE547A76061}.Debug|Any CPU.ActiveCfg = Debug|Any CPU
		{D7DAC87D-4AB0-46A4-A29F-6BE547A76061}.Debug|Any CPU.Build.0 = Debug|Any CPU
		{D7DAC87D-4AB0-46A4-A29F-6BE547A76061}.Release|Any CPU.ActiveCfg = Release|Any CPU
		{D7DAC87D-4AB0-46A4-A29F-6BE547A76061}.Release|Any CPU.Build.0 = Release|Any CPU
		{498242ED-CD53-4D8E-B6FC-5BC53B0E3241}.Debug|Any CPU.ActiveCfg = Debug|Any CPU
		{498242ED-CD53-4D8E-B6FC-5BC53B0E3241}.Debug|Any CPU.Build.0 = Debug|Any CPU
		{498242ED-CD53-4D8E-B6FC-5BC53B0E3241}.Release|Any CPU.ActiveCfg = Release|Any CPU
		{498242ED-CD53-4D8E-B6FC-5BC53B0E3241}.Release|Any CPU.Build.0 = Release|Any CPU
		{E7189C3E-DDB7-421D-928E-0DFC375D0DF9}.Debug|Any CPU.ActiveCfg = Debug|Any CPU
		{E7189C3E-DDB7-421D-928E-0DFC375D0DF9}.Debug|Any CPU.Build.0 = Debug|Any CPU
		{E7189C3E-DDB7-421D-928E-0DFC375D0DF9}.Release|Any CPU.ActiveCfg = Release|Any CPU
		{E7189C3E-DDB7-421D-928E-0DFC375D0DF9}.Release|Any CPU.Build.0 = Release|Any CPU
		{69FBE4AD-DEED-4B4B-ACDC-8054854752C6}.Debug|Any CPU.ActiveCfg = Debug|Any CPU
		{69FBE4AD-DEED-4B4B-ACDC-8054854752C6}.Debug|Any CPU.Build.0 = Debug|Any CPU
		{69FBE4AD-DEED-4B4B-ACDC-8054854752C6}.Release|Any CPU.ActiveCfg = Release|Any CPU
		{69FBE4AD-DEED-4B4B-ACDC-8054854752C6}.Release|Any CPU.Build.0 = Release|Any CPU
		{EE1F2D11-E727-4C6D-9A59-C2571F4E7B58}.Debug|Any CPU.ActiveCfg = Debug|Any CPU
		{EE1F2D11-E727-4C6D-9A59-C2571F4E7B58}.Debug|Any CPU.Build.0 = Debug|Any CPU
		{EE1F2D11-E727-4C6D-9A59-C2571F4E7B58}.Release|Any CPU.ActiveCfg = Release|Any CPU
		{EE1F2D11-E727-4C6D-9A59-C2571F4E7B58}.Release|Any CPU.Build.0 = Release|Any CPU
		{431B2494-65F7-4BE8-89C4-4C106E3731E2}.Debug|Any CPU.ActiveCfg = Debug|Any CPU
		{431B2494-65F7-4BE8-89C4-4C106E3731E2}.Debug|Any CPU.Build.0 = Debug|Any CPU
		{431B2494-65F7-4BE8-89C4-4C106E3731E2}.Release|Any CPU.ActiveCfg = Release|Any CPU
		{431B2494-65F7-4BE8-89C4-4C106E3731E2}.Release|Any CPU.Build.0 = Release|Any CPU
	EndGlobalSection
	GlobalSection(SolutionProperties) = preSolution
		HideSolutionNode = FALSE
	EndGlobalSection
	GlobalSection(NestedProjects) = preSolution
		{3D51BC3B-4742-4941-AAB6-522ABDFD1EA6} = {472381BD-28D1-415D-BCE1-2303AD04E4C7}
		{B56214B7-DB79-4612-989B-4B7FDC9BEFDC} = {472381BD-28D1-415D-BCE1-2303AD04E4C7}
		{CA8F8919-A544-4FFB-9E8C-815521324E78} = {472381BD-28D1-415D-BCE1-2303AD04E4C7}
		{D910375E-9EE7-4EAF-9DCB-E338BE1D70E8} = {236B30BF-81C3-4527-83F2-FD698F829862}
		{D7DAC87D-4AB0-46A4-A29F-6BE547A76061} = {472381BD-28D1-415D-BCE1-2303AD04E4C7}
		{498242ED-CD53-4D8E-B6FC-5BC53B0E3241} = {3550F6BF-E8E8-4475-B619-F8B07BF2A470}
		{E7189C3E-DDB7-421D-928E-0DFC375D0DF9} = {7D318766-C9C6-4F25-84DF-F5E338AC4398}
		{69FBE4AD-DEED-4B4B-ACDC-8054854752C6} = {7D318766-C9C6-4F25-84DF-F5E338AC4398}
		{EE1F2D11-E727-4C6D-9A59-C2571F4E7B58} = {7D318766-C9C6-4F25-84DF-F5E338AC4398}
		{431B2494-65F7-4BE8-89C4-4C106E3731E2} = {7D318766-C9C6-4F25-84DF-F5E338AC4398}
	EndGlobalSection
EndGlobal
